
Microsoft Visual Studio Solution File, Format Version 12.00
# Visual Studio 15
VisualStudioVersion = 15.0.27428.2015
MinimumVisualStudioVersion = 10.0.40219.1
Project("{2150E333-8FDC-42A3-9474-1A3956D46DE8}") = "testProgs", "testProgs", "{3FB9439B-72F0-45F7-8ECD-AC286E898386}"
EndProject
Project("{8BC9CEB8-8B4A-11D0-8D11-00A0C91BC942}") = "testMP3Streamer", "..\testProgs\testMP3Streamer.vcxproj", "{8574824D-A9B5-4C17-895F-27B80ACB2D88}"
EndProject
Project("{8BC9CEB8-8B4A-11D0-8D11-00A0C91BC942}") = "testMKVStreamer", "..\testProgs\testMKVStreamer.vcxproj", "{770F8846-4958-40DE-BF18-F968A7CEB877}"
EndProject
Project("{8BC9CEB8-8B4A-11D0-8D11-00A0C91BC942}") = "BasicUsageEnvironment", "..\BasicUsageEnvironment\BasicUsageEnvironment.vcxproj", "{95CC3F1B-9907-4C20-B627-5B9190D76673}"
EndProject
Project("{8BC9CEB8-8B4A-11D0-8D11-00A0C91BC942}") = "groupsock", "..\groupsock\groupsock.vcxproj", "{3AE601D2-8282-446B-9575-E4AA92AEFA11}"
EndProject
Project("{8BC9CEB8-8B4A-11D0-8D11-00A0C91BC942}") = "liveMedia", "..\liveMedia\liveMedia.vcxproj", "{DEBD8DBA-C725-485B-8DDB-3FFBFE6CC12D}"
EndProject
Project("{8BC9CEB8-8B4A-11D0-8D11-00A0C91BC942}") = "mediaServer", "..\mediaServer\mediaServer.vcxproj", "{79AA6E4E-0A5D-49CC-9E29-2B966F64DA55}"
EndProject
Project("{8BC9CEB8-8B4A-11D0-8D11-00A0C91BC942}") = "proxyServer", "..\proxyServer\proxyServer.vcxproj", "{F6D50CEE-EC23-4FED-8487-FDA818ACF31C}"
EndProject
Project("{8BC9CEB8-8B4A-11D0-8D11-00A0C91BC942}") = "UsageEnvironment", "..\UsageEnvironment\UsageEnvironment.vcxproj", "{B1D70CB0-4FF3-41D5-A34C-14CCBCD5985D}"
EndProject
Project("{8BC9CEB8-8B4A-11D0-8D11-00A0C91BC942}") = "MPEG2TransportStreamIndexer", "..\testProgs\MPEG2TransportStreamIndexer.vcxproj", "{7F53BADB-49E4-4034-8BBC-B345A294BAB5}"
EndProject
Project("{8BC9CEB8-8B4A-11D0-8D11-00A0C91BC942}") = "openRTSP", "..\testProgs\openRTSP.vcxproj", "{FC457693-A285-415E-A3CD-B616A1C5F8BF}"
EndProject
Project("{8BC9CEB8-8B4A-11D0-8D11-00A0C91BC942}") = "playSIP", "..\testProgs\playSIP.vcxproj", "{2962044A-E8BF-4252-872D-7A8326204E4D}"
EndProject
Project("{8BC9CEB8-8B4A-11D0-8D11-00A0C91BC942}") = "sapWatch", "..\testProgs\sapWatch.vcxproj", "{217A12C2-2EFE-458B-8333-7BD0B9CDD994}"
EndProject
Project("{8BC9CEB8-8B4A-11D0-8D11-00A0C91BC942}") = "testAMRAudioStreamer", "..\testProgs\testAMRAudioStreamer.vcxproj", "{66C9BBF2-15FC-4105-99B1-0E562FE8C365}"
EndProject
Project("{8BC9CEB8-8B4A-11D0-8D11-00A0C91BC942}") = "testDVVideoStreamer", "..\testProgs\testDVVideoStreamer.vcxproj", "{26CE02FA-C75B-4A8F-8BA9-AF0C4ECFF36F}"
EndProject
Project("{8BC9CEB8-8B4A-11D0-8D11-00A0C91BC942}") = "testH264VideoStreamer", "..\testProgs\testH264VideoStreamer.vcxproj", "{79E41EB0-2CC5-415C-A116-662CDFDC63EA}"
EndProject
Project("{8BC9CEB8-8B4A-11D0-8D11-00A0C91BC942}") = "testH264VideoToTransportStream", "..\testProgs\testH264VideoToTransportStream.vcxproj", "{006867ED-7364-4999-9EDB-AFB69DDAB2B3}"
EndProject
Project("{8BC9CEB8-8B4A-11D0-8D11-00A0C91BC942}") = "testMPEG1or2AudioVideoStreamer", "..\testProgs\testMPEG1or2AudioVideoStreamer.vcxproj", "{8856333C-FEBF-41BC-848E-51F0B3B727BF}"
EndProject
Project("{8BC9CEB8-8B4A-11D0-8D11-00A0C91BC942}") = "testMPEG1or2ProgramToTransportStream", "..\testProgs\testMPEG1or2ProgramToTransportStream.vcxproj", "{D79E3C46-82D2-4BC8-BE60-7AA7B03F523D}"
EndProject
Project("{8BC9CEB8-8B4A-11D0-8D11-00A0C91BC942}") = "testMPEG1or2Splitter", "..\testProgs\testMPEG1or2Splitter.vcxproj", "{4D47BC1D-A4E9-4431-94CD-5492D9723986}"
EndProject
Project("{8BC9CEB8-8B4A-11D0-8D11-00A0C91BC942}") = "testMPEG1or2VideoReceiver", "..\testProgs\testMPEG1or2VideoReceiver.vcxproj", "{424503A8-D683-46B7-A2DE-24CFE1235F27}"
EndProject
Project("{8BC9CEB8-8B4A-11D0-8D11-00A0C91BC942}") = "testMPEG1or2VideoStreamer", "..\testProgs\testMPEG1or2VideoStreamer.vcxproj", "{616CD47F-F623-422F-9A25-879F236AB186}"
EndProject
Project("{8BC9CEB8-8B4A-11D0-8D11-00A0C91BC942}") = "testMPEG2TransportStreamTrickPlay", "..\testProgs\testMPEG2TransportStreamTrickPlay.vcxproj", "{5E138EAD-54D3-409C-9A8C-8F933560EB85}"
EndProject
Project("{8BC9CEB8-8B4A-11D0-8D11-00A0C91BC942}") = "testMPEG4VideoStreamer", "..\testProgs\testMPEG4VideoStreamer.vcxproj", "{B1BA157C-4794-46C3-887E-0A92FCD285F0}"
EndProject
Project("{8BC9CEB8-8B4A-11D0-8D11-00A0C91BC942}") = "testOnDemandRTSPServer", "..\testProgs\testOnDemandRTSPServer.vcxproj", "{412DB160-93C8-4EB8-AC9E-B024FDEA7D60}"
EndProject
Project("{8BC9CEB8-8B4A-11D0-8D11-00A0C91BC942}") = "testRelay", "..\testProgs\testRelay.vcxproj", "{F5005082-FD74-4C46-BAB7-8BA87A0344F1}"
EndProject
Project("{8BC9CEB8-8B4A-11D0-8D11-00A0C91BC942}") = "testReplicator", "..\testProgs\testReplicator.vcxproj", "{47C08B0C-D2CF-4C92-9A48-8BE0DDE40E45}"
EndProject
Project("{8BC9CEB8-8B4A-11D0-8D11-00A0C91BC942}") = "testWAVAudioStreamer", "..\testProgs\testWAVAudioStreamer.vcxproj", "{7B7114E5-8F74-4C64-AD7C-6CC7A1D2A910}"
EndProject
Project("{8BC9CEB8-8B4A-11D0-8D11-00A0C91BC942}") = "testRTSPClient", "..\testProgs\testRTSPClient.vcxproj", "{7C19C3BB-E408-4976-B996-BDFBA35A06D9}"
EndProject
Project("{8BC9CEB8-8B4A-11D0-8D11-00A0C91BC942}") = "vobStreamer", "..\testProgs\vobStreamer.vcxproj", "{AC04C177-5EE1-44C8-8773-113618493D1C}"
EndProject
Project("{8BC9CEB8-8B4A-11D0-8D11-00A0C91BC942}") = "MKVStreamer", "..\testProgs\MKVStreamer.vcxproj", "{58541448-919A-4405-BB2F-8094A4FCF755}"
EndProject
Global
	GlobalSection(SolutionConfigurationPlatforms) = preSolution
		Debug|Win32 = Debug|Win32
		Release|Win32 = Release|Win32
	EndGlobalSection
	GlobalSection(ProjectConfigurationPlatforms) = postSolution
		{8574824D-A9B5-4C17-895F-27B80ACB2D88}.Debug|Win32.ActiveCfg = Debug|Win32
		{8574824D-A9B5-4C17-895F-27B80ACB2D88}.Debug|Win32.Build.0 = Debug|Win32
		{8574824D-A9B5-4C17-895F-27B80ACB2D88}.Release|Win32.ActiveCfg = Release|Win32
		{8574824D-A9B5-4C17-895F-27B80ACB2D88}.Release|Win32.Build.0 = Release|Win32
		{770F8846-4958-40DE-BF18-F968A7CEB877}.Debug|Win32.ActiveCfg = Debug|Win32
		{770F8846-4958-40DE-BF18-F968A7CEB877}.Debug|Win32.Build.0 = Debug|Win32
		{770F8846-4958-40DE-BF18-F968A7CEB877}.Release|Win32.ActiveCfg = Release|Win32
		{770F8846-4958-40DE-BF18-F968A7CEB877}.Release|Win32.Build.0 = Release|Win32
		{95CC3F1B-9907-4C20-B627-5B9190D76673}.Debug|Win32.ActiveCfg = Debug|Win32
		{95CC3F1B-9907-4C20-B627-5B9190D76673}.Debug|Win32.Build.0 = Debug|Win32
		{95CC3F1B-9907-4C20-B627-5B9190D76673}.Release|Win32.ActiveCfg = Release|Win32
		{95CC3F1B-9907-4C20-B627-5B9190D76673}.Release|Win32.Build.0 = Release|Win32
		{3AE601D2-8282-446B-9575-E4AA92AEFA11}.Debug|Win32.ActiveCfg = Debug|Win32
		{3AE601D2-8282-446B-9575-E4AA92AEFA11}.Debug|Win32.Build.0 = Debug|Win32
		{3AE601D2-8282-446B-9575-E4AA92AEFA11}.Release|Win32.ActiveCfg = Release|Win32
		{3AE601D2-8282-446B-9575-E4AA92AEFA11}.Release|Win32.Build.0 = Release|Win32
		{DEBD8DBA-C725-485B-8DDB-3FFBFE6CC12D}.Debug|Win32.ActiveCfg = Debug|Win32
		{DEBD8DBA-C725-485B-8DDB-3FFBFE6CC12D}.Debug|Win32.Build.0 = Debug|Win32
		{DEBD8DBA-C725-485B-8DDB-3FFBFE6CC12D}.Release|Win32.ActiveCfg = Release|Win32
		{DEBD8DBA-C725-485B-8DDB-3FFBFE6CC12D}.Release|Win32.Build.0 = Release|Win32
		{79AA6E4E-0A5D-49CC-9E29-2B966F64DA55}.Debug|Win32.ActiveCfg = Debug|Win32
		{79AA6E4E-0A5D-49CC-9E29-2B966F64DA55}.Debug|Win32.Build.0 = Debug|Win32
		{79AA6E4E-0A5D-49CC-9E29-2B966F64DA55}.Release|Win32.ActiveCfg = Release|Win32
		{79AA6E4E-0A5D-49CC-9E29-2B966F64DA55}.Release|Win32.Build.0 = Release|Win32
		{F6D50CEE-EC23-4FED-8487-FDA818ACF31C}.Debug|Win32.ActiveCfg = Debug|Win32
		{F6D50CEE-EC23-4FED-8487-FDA818ACF31C}.Debug|Win32.Build.0 = Debug|Win32
		{F6D50CEE-EC23-4FED-8487-FDA818ACF31C}.Release|Win32.ActiveCfg = Release|Win32
		{F6D50CEE-EC23-4FED-8487-FDA818ACF31C}.Release|Win32.Build.0 = Release|Win32
		{B1D70CB0-4FF3-41D5-A34C-14CCBCD5985D}.Debug|Win32.ActiveCfg = Debug|Win32
		{B1D70CB0-4FF3-41D5-A34C-14CCBCD5985D}.Debug|Win32.Build.0 = Debug|Win32
		{B1D70CB0-4FF3-41D5-A34C-14CCBCD5985D}.Release|Win32.ActiveCfg = Release|Win32
		{B1D70CB0-4FF3-41D5-A34C-14CCBCD5985D}.Release|Win32.Build.0 = Release|Win32
		{7F53BADB-49E4-4034-8BBC-B345A294BAB5}.Debug|Win32.ActiveCfg = Debug|Win32
		{7F53BADB-49E4-4034-8BBC-B345A294BAB5}.Debug|Win32.Build.0 = Debug|Win32
		{7F53BADB-49E4-4034-8BBC-B345A294BAB5}.Release|Win32.ActiveCfg = Release|Win32
		{7F53BADB-49E4-4034-8BBC-B345A294BAB5}.Release|Win32.Build.0 = Release|Win32
		{FC457693-A285-415E-A3CD-B616A1C5F8BF}.Debug|Win32.ActiveCfg = Debug|Win32
		{FC457693-A285-415E-A3CD-B616A1C5F8BF}.Debug|Win32.Build.0 = Debug|Win32
		{FC457693-A285-415E-A3CD-B616A1C5F8BF}.Release|Win32.ActiveCfg = Release|Win32
		{FC457693-A285-415E-A3CD-B616A1C5F8BF}.Release|Win32.Build.0 = Release|Win32
		{2962044A-E8BF-4252-872D-7A8326204E4D}.Debug|Win32.ActiveCfg = Debug|Win32
		{2962044A-E8BF-4252-872D-7A8326204E4D}.Debug|Win32.Build.0 = Debug|Win32
		{2962044A-E8BF-4252-872D-7A8326204E4D}.Release|Win32.ActiveCfg = Release|Win32
		{2962044A-E8BF-4252-872D-7A8326204E4D}.Release|Win32.Build.0 = Release|Win32
		{217A12C2-2EFE-458B-8333-7BD0B9CDD994}.Debug|Win32.ActiveCfg = Debug|Win32
		{217A12C2-2EFE-458B-8333-7BD0B9CDD994}.Debug|Win32.Build.0 = Debug|Win32
		{217A12C2-2EFE-458B-8333-7BD0B9CDD994}.Release|Win32.ActiveCfg = Release|Win32
		{217A12C2-2EFE-458B-8333-7BD0B9CDD994}.Release|Win32.Build.0 = Release|Win32
		{66C9BBF2-15FC-4105-99B1-0E562FE8C365}.Debug|Win32.ActiveCfg = Debug|Win32
		{66C9BBF2-15FC-4105-99B1-0E562FE8C365}.Debug|Win32.Build.0 = Debug|Win32
		{66C9BBF2-15FC-4105-99B1-0E562FE8C365}.Release|Win32.ActiveCfg = Release|Win32
		{66C9BBF2-15FC-4105-99B1-0E562FE8C365}.Release|Win32.Build.0 = Release|Win32
		{26CE02FA-C75B-4A8F-8BA9-AF0C4ECFF36F}.Debug|Win32.ActiveCfg = Debug|Win32
		{26CE02FA-C75B-4A8F-8BA9-AF0C4ECFF36F}.Debug|Win32.Build.0 = Debug|Win32
		{26CE02FA-C75B-4A8F-8BA9-AF0C4ECFF36F}.Release|Win32.ActiveCfg = Release|Win32
		{26CE02FA-C75B-4A8F-8BA9-AF0C4ECFF36F}.Release|Win32.Build.0 = Release|Win32
		{79E41EB0-2CC5-415C-A116-662CDFDC63EA}.Debug|Win32.ActiveCfg = Debug|Win32
		{79E41EB0-2CC5-415C-A116-662CDFDC63EA}.Debug|Win32.Build.0 = Debug|Win32
		{79E41EB0-2CC5-415C-A116-662CDFDC63EA}.Release|Win32.ActiveCfg = Release|Win32
		{79E41EB0-2CC5-415C-A116-662CDFDC63EA}.Release|Win32.Build.0 = Release|Win32
		{006867ED-7364-4999-9EDB-AFB69DDAB2B3}.Debug|Win32.ActiveCfg = Debug|Win32
		{006867ED-7364-4999-9EDB-AFB69DDAB2B3}.Debug|Win32.Build.0 = Debug|Win32
		{006867ED-7364-4999-9EDB-AFB69DDAB2B3}.Release|Win32.ActiveCfg = Release|Win32
		{006867ED-7364-4999-9EDB-AFB69DDAB2B3}.Release|Win32.Build.0 = Release|Win32
		{8856333C-FEBF-41BC-848E-51F0B3B727BF}.Debug|Win32.ActiveCfg = Debug|Win32
		{8856333C-FEBF-41BC-848E-51F0B3B727BF}.Debug|Win32.Build.0 = Debug|Win32
		{8856333C-FEBF-41BC-848E-51F0B3B727BF}.Release|Win32.ActiveCfg = Release|Win32
		{8856333C-FEBF-41BC-848E-51F0B3B727BF}.Release|Win32.Build.0 = Release|Win32
		{D79E3C46-82D2-4BC8-BE60-7AA7B03F523D}.Debug|Win32.ActiveCfg = Debug|Win32
		{D79E3C46-82D2-4BC8-BE60-7AA7B03F523D}.Debug|Win32.Build.0 = Debug|Win32
		{D79E3C46-82D2-4BC8-BE60-7AA7B03F523D}.Release|Win32.ActiveCfg = Release|Win32
		{D79E3C46-82D2-4BC8-BE60-7AA7B03F523D}.Release|Win32.Build.0 = Release|Win32
		{4D47BC1D-A4E9-4431-94CD-5492D9723986}.Debug|Win32.ActiveCfg = Debug|Win32
		{4D47BC1D-A4E9-4431-94CD-5492D9723986}.Debug|Win32.Build.0 = Debug|Win32
		{4D47BC1D-A4E9-4431-94CD-5492D9723986}.Release|Win32.ActiveCfg = Release|Win32
		{4D47BC1D-A4E9-4431-94CD-5492D9723986}.Release|Win32.Build.0 = Release|Win32
		{424503A8-D683-46B7-A2DE-24CFE1235F27}.Debug|Win32.ActiveCfg = Debug|Win32
		{424503A8-D683-46B7-A2DE-24CFE1235F27}.Debug|Win32.Build.0 = Debug|Win32
		{424503A8-D683-46B7-A2DE-24CFE1235F27}.Release|Win32.ActiveCfg = Release|Win32
		{424503A8-D683-46B7-A2DE-24CFE1235F27}.Release|Win32.Build.0 = Release|Win32
		{616CD47F-F623-422F-9A25-879F236AB186}.Debug|Win32.ActiveCfg = Debug|Win32
		{616CD47F-F623-422F-9A25-879F236AB186}.Debug|Win32.Build.0 = Debug|Win32
		{616CD47F-F623-422F-9A25-879F236AB186}.Release|Win32.ActiveCfg = Release|Win32
		{616CD47F-F623-422F-9A25-879F236AB186}.Release|Win32.Build.0 = Release|Win32
		{5E138EAD-54D3-409C-9A8C-8F933560EB85}.Debug|Win32.ActiveCfg = Debug|Win32
		{5E138EAD-54D3-409C-9A8C-8F933560EB85}.Debug|Win32.Build.0 = Debug|Win32
		{5E138EAD-54D3-409C-9A8C-8F933560EB85}.Release|Win32.ActiveCfg = Release|Win32
		{5E138EAD-54D3-409C-9A8C-8F933560EB85}.Release|Win32.Build.0 = Release|Win32
		{B1BA157C-4794-46C3-887E-0A92FCD285F0}.Debug|Win32.ActiveCfg = Debug|Win32
		{B1BA157C-4794-46C3-887E-0A92FCD285F0}.Debug|Win32.Build.0 = Debug|Win32
		{B1BA157C-4794-46C3-887E-0A92FCD285F0}.Release|Win32.ActiveCfg = Release|Win32
		{B1BA157C-4794-46C3-887E-0A92FCD285F0}.Release|Win32.Build.0 = Release|Win32
		{412DB160-93C8-4EB8-AC9E-B024FDEA7D60}.Debug|Win32.ActiveCfg = Debug|Win32
		{412DB160-93C8-4EB8-AC9E-B024FDEA7D60}.Debug|Win32.Build.0 = Debug|Win32
		{412DB160-93C8-4EB8-AC9E-B024FDEA7D60}.Release|Win32.ActiveCfg = Release|Win32
		{412DB160-93C8-4EB8-AC9E-B024FDEA7D60}.Release|Win32.Build.0 = Release|Win32
		{F5005082-FD74-4C46-BAB7-8BA87A0344F1}.Debug|Win32.ActiveCfg = Debug|Win32
		{F5005082-FD74-4C46-BAB7-8BA87A0344F1}.Debug|Win32.Build.0 = Debug|Win32
		{F5005082-FD74-4C46-BAB7-8BA87A0344F1}.Release|Win32.ActiveCfg = Release|Win32
		{F5005082-FD74-4C46-BAB7-8BA87A0344F1}.Release|Win32.Build.0 = Release|Win32
		{47C08B0C-D2CF-4C92-9A48-8BE0DDE40E45}.Debug|Win32.ActiveCfg = Debug|Win32
		{47C08B0C-D2CF-4C92-9A48-8BE0DDE40E45}.Debug|Win32.Build.0 = Debug|Win32
		{47C08B0C-D2CF-4C92-9A48-8BE0DDE40E45}.Release|Win32.ActiveCfg = Release|Win32
		{47C08B0C-D2CF-4C92-9A48-8BE0DDE40E45}.Release|Win32.Build.0 = Release|Win32
		{7B7114E5-8F74-4C64-AD7C-6CC7A1D2A910}.Debug|Win32.ActiveCfg = Debug|Win32
		{7B7114E5-8F74-4C64-AD7C-6CC7A1D2A910}.Debug|Win32.Build.0 = Debug|Win32
		{7B7114E5-8F74-4C64-AD7C-6CC7A1D2A910}.Release|Win32.ActiveCfg = Release|Win32
		{7B7114E5-8F74-4C64-AD7C-6CC7A1D2A910}.Release|Win32.Build.0 = Release|Win32
		{7C19C3BB-E408-4976-B996-BDFBA35A06D9}.Debug|Win32.ActiveCfg = Debug|Win32
		{7C19C3BB-E408-4976-B996-BDFBA35A06D9}.Debug|Win32.Build.0 = Debug|Win32
		{7C19C3BB-E408-4976-B996-BDFBA35A06D9}.Release|Win32.ActiveCfg = Release|Win32
		{7C19C3BB-E408-4976-B996-BDFBA35A06D9}.Release|Win32.Build.0 = Release|Win32
		{AC04C177-5EE1-44C8-8773-113618493D1C}.Debug|Win32.ActiveCfg = Debug|Win32
		{AC04C177-5EE1-44C8-8773-113618493D1C}.Debug|Win32.Build.0 = Debug|Win32
		{AC04C177-5EE1-44C8-8773-113618493D1C}.Release|Win32.ActiveCfg = Release|Win32
		{AC04C177-5EE1-44C8-8773-113618493D1C}.Release|Win32.Build.0 = Release|Win32
		{58541448-919A-4405-BB2F-8094A4FCF755}.Debug|Win32.ActiveCfg = Debug|Win32
		{58541448-919A-4405-BB2F-8094A4FCF755}.Debug|Win32.Build.0 = Debug|Win32
		{58541448-919A-4405-BB2F-8094A4FCF755}.Release|Win32.ActiveCfg = Release|Win32
		{58541448-919A-4405-BB2F-8094A4FCF755}.Release|Win32.Build.0 = Release|Win32
	EndGlobalSection
	GlobalSection(SolutionProperties) = preSolution
		HideSolutionNode = FALSE
	EndGlobalSection
	GlobalSection(NestedProjects) = preSolution
		{8574824D-A9B5-4C17-895F-27B80ACB2D88} = {3FB9439B-72F0-45F7-8ECD-AC286E898386}
		{770F8846-4958-40DE-BF18-F968A7CEB877} = {3FB9439B-72F0-45F7-8ECD-AC286E898386}
		{7F53BADB-49E4-4034-8BBC-B345A294BAB5} = {3FB9439B-72F0-45F7-8ECD-AC286E898386}
		{FC457693-A285-415E-A3CD-B616A1C5F8BF} = {3FB9439B-72F0-45F7-8ECD-AC286E898386}
		{2962044A-E8BF-4252-872D-7A8326204E4D} = {3FB9439B-72F0-45F7-8ECD-AC286E898386}
		{217A12C2-2EFE-458B-8333-7BD0B9CDD994} = {3FB9439B-72F0-45F7-8ECD-AC286E898386}
		{66C9BBF2-15FC-4105-99B1-0E562FE8C365} = {3FB9439B-72F0-45F7-8ECD-AC286E898386}
		{26CE02FA-C75B-4A8F-8BA9-AF0C4ECFF36F} = {3FB9439B-72F0-45F7-8ECD-AC286E898386}
		{79E41EB0-2CC5-415C-A116-662CDFDC63EA} = {3FB9439B-72F0-45F7-8ECD-AC286E898386}
		{006867ED-7364-4999-9EDB-AFB69DDAB2B3} = {3FB9439B-72F0-45F7-8ECD-AC286E898386}
		{8856333C-FEBF-41BC-848E-51F0B3B727BF} = {3FB9439B-72F0-45F7-8ECD-AC286E898386}
		{D79E3C46-82D2-4BC8-BE60-7AA7B03F523D} = {3FB9439B-72F0-45F7-8ECD-AC286E898386}
		{4D47BC1D-A4E9-4431-94CD-5492D9723986} = {3FB9439B-72F0-45F7-8ECD-AC286E898386}
		{424503A8-D683-46B7-A2DE-24CFE1235F27} = {3FB9439B-72F0-45F7-8ECD-AC286E898386}
		{616CD47F-F623-422F-9A25-879F236AB186} = {3FB9439B-72F0-45F7-8ECD-AC286E898386}
		{5E138EAD-54D3-409C-9A8C-8F933560EB85} = {3FB9439B-72F0-45F7-8ECD-AC286E898386}
		{B1BA157C-4794-46C3-887E-0A92FCD285F0} = {3FB9439B-72F0-45F7-8ECD-AC286E898386}
		{412DB160-93C8-4EB8-AC9E-B024FDEA7D60} = {3FB9439B-72F0-45F7-8ECD-AC286E898386}
		{F5005082-FD74-4C46-BAB7-8BA87A0344F1} = {3FB9439B-72F0-45F7-8ECD-AC286E898386}
		{47C08B0C-D2CF-4C92-9A48-8BE0DDE40E45} = {3FB9439B-72F0-45F7-8ECD-AC286E898386}
		{7B7114E5-8F74-4C64-AD7C-6CC7A1D2A910} = {3FB9439B-72F0-45F7-8ECD-AC286E898386}
		{7C19C3BB-E408-4976-B996-BDFBA35A06D9} = {3FB9439B-72F0-45F7-8ECD-AC286E898386}
		{AC04C177-5EE1-44C8-8773-113618493D1C} = {3FB9439B-72F0-45F7-8ECD-AC286E898386}
		{58541448-919A-4405-BB2F-8094A4FCF755} = {3FB9439B-72F0-45F7-8ECD-AC286E898386}
	EndGlobalSection
	GlobalSection(ExtensibilityGlobals) = postSolution
		SolutionGuid = {9B7E92D6-5AF4-4859-8466-802977018CFF}
	EndGlobalSection
EndGlobal
